
Microsoft Visual Studio Solution File, Format Version 12.00
# Visual Studio 15
VisualStudioVersion = 15.0.27703.2042
MinimumVisualStudioVersion = 10.0.40219.1
Project("{8BC9CEB8-8B4A-11D0-8D11-00A0C91BC942}") = "Soundex", "Soundex\Soundex.vcxproj", "{C4065185-F14B-4ECC-BC3A-F5DA9B27ED0C}"
EndProject
Project("{8BC9CEB8-8B4A-11D0-8D11-00A0C91BC942}") = "SoundexTest", "SoundexTest\SoundexTest.vcxproj", "{E5C451BD-0EFF-4F3F-A12E-0B1D0F317A03}"
EndProject
Global
	GlobalSection(SolutionConfigurationPlatforms) = preSolution
		Debug|x64 = Debug|x64
		Debug|x86 = Debug|x86
		Release|x64 = Release|x64
		Release|x86 = Release|x86
	EndGlobalSection
	GlobalSection(ProjectConfigurationPlatforms) = postSolution
		{C4065185-F14B-4ECC-BC3A-F5DA9B27ED0C}.Debug|x64.ActiveCfg = Debug|x64
		{C4065185-F14B-4ECC-BC3A-F5DA9B27ED0C}.Debug|x64.Build.0 = Debug|x64
		{C4065185-F14B-4ECC-BC3A-F5DA9B27ED0C}.Debug|x86.ActiveCfg = Debug|Win32
		{C4065185-F14B-4ECC-BC3A-F5DA9B27ED0C}.Debug|x86.Build.0 = Debug|Win32
		{C4065185-F14B-4ECC-BC3A-F5DA9B27ED0C}.Release|x64.ActiveCfg = Release|x64
		{C4065185-F14B-4ECC-BC3A-F5DA9B27ED0C}.Release|x64.Build.0 = Release|x64
		{C4065185-F14B-4ECC-BC3A-F5DA9B27ED0C}.Release|x86.ActiveCfg = Release|Win32
		{C4065185-F14B-4ECC-BC3A-F5DA9B27ED0C}.Release|x86.Build.0 = Release|Win32
		{E5C451BD-0EFF-4F3F-A12E-0B1D0F317A03}.Debug|x64.ActiveCfg = Debug|x64
		{E5C451BD-0EFF-4F3F-A12E-0B1D0F317A03}.Debug|x64.Build.0 = Debug|x64
		{E5C451BD-0EFF-4F3F-A12E-0B1D0F317A03}.Debug|x86.ActiveCfg = Debug|Win32
		{E5C451BD-0EFF-4F3F-A12E-0B1D0F317A03}.Debug|x86.Build.0 = Debug|Win32
		{E5C451BD-0EFF-4F3F-A12E-0B1D0F317A03}.Release|x64.ActiveCfg = Release|x64
		{E5C451BD-0EFF-4F3F-A12E-0B1D0F317A03}.Release|x64.Build.0 = Release|x64
		{E5C451BD-0EFF-4F3F-A12E-0B1D0F317A03}.Release|x86.ActiveCfg = Release|Win32
		{E5C451BD-0EFF-4F3F-A12E-0B1D0F317A03}.Release|x86.Build.0 = Release|Win32
	EndGlobalSection
	GlobalSection(SolutionProperties) = preSolution
		HideSolutionNode = FALSE
	EndGlobalSection
	GlobalSection(ExtensibilityGlobals) = postSolution
		SolutionGuid = {F4F14F6F-EE82-4B14-933A-84FE99F572EA}
	EndGlobalSection
EndGlobal
